
Microsoft Visual Studio Solution File, Format Version 12.00
# Visual Studio 15
VisualStudioVersion = 15.0.27004.2002
MinimumVisualStudioVersion = 10.0.40219.1
Project("{8BC9CEB8-8B4A-11D0-8D11-00A0C91BC942}") = "QuantCTP", "QuantCTP\QuantCTP.vcxproj", "{8BEA1010-3BDC-4CA0-9430-1BB872B964BB}"
EndProject
Global
	GlobalSection(SolutionConfigurationPlatforms) = preSolution
		Debug|x64 = Debug|x64
		Debug|x86 = Debug|x86
		Release|x64 = Release|x64
		Release|x86 = Release|x86
	EndGlobalSection
	GlobalSection(ProjectConfigurationPlatforms) = postSolution
		{8BEA1010-3BDC-4CA0-9430-1BB872B964BB}.Debug|x64.ActiveCfg = Debug|x64
		{8BEA1010-3BDC-4CA0-9430-1BB872B964BB}.Debug|x64.Build.0 = Debug|x64
		{8BEA1010-3BDC-4CA0-9430-1BB872B964BB}.Debug|x86.ActiveCfg = Debug|Win32
		{8BEA1010-3BDC-4CA0-9430-1BB872B964BB}.Debug|x86.Build.0 = Debug|Win32
		{8BEA1010-3BDC-4CA0-9430-1BB872B964BB}.Release|x64.ActiveCfg = Release|x64
		{8BEA1010-3BDC-4CA0-9430-1BB872B964BB}.Release|x64.Build.0 = Release|x64
		{8BEA1010-3BDC-4CA0-9430-1BB872B964BB}.Release|x86.ActiveCfg = Release|Win32
		{8BEA1010-3BDC-4CA0-9430-1BB872B964BB}.Release|x86.Build.0 = Release|Win32
	EndGlobalSection
	GlobalSection(SolutionProperties) = preSolution
		HideSolutionNode = FALSE
	EndGlobalSection
	GlobalSection(ExtensibilityGlobals) = postSolution
		SolutionGuid = {389C7237-6A96-4076-8C04-D6C98FF0D68B}
	EndGlobalSection
EndGlobal
